// !$*UTF8*$!
{
	archiveVersion = 1;
	classes = {
	};
	objectVersion = 46;
	objects = {

/* Begin PBXBuildFile section */
		A28B7A481E368FB2007F34DF /* AppDelegate.swift in Sources */ = {isa = PBXBuildFile; fileRef = A28B7A471E368FB2007F34DF /* AppDelegate.swift */; };
		A28B7A4A1E368FB2007F34DF /* ViewController.swift in Sources */ = {isa = PBXBuildFile; fileRef = A28B7A491E368FB2007F34DF /* ViewController.swift */; };
		A28B7A4D1E368FB2007F34DF /* Main.storyboard in Resources */ = {isa = PBXBuildFile; fileRef = A28B7A4B1E368FB2007F34DF /* Main.storyboard */; };
		A28B7A4F1E368FB2007F34DF /* Assets.xcassets in Resources */ = {isa = PBXBuildFile; fileRef = A28B7A4E1E368FB2007F34DF /* Assets.xcassets */; };
		A28B7A521E368FB2007F34DF /* LaunchScreen.storyboard in Resources */ = {isa = PBXBuildFile; fileRef = A28B7A501E368FB2007F34DF /* LaunchScreen.storyboard */; };
		A28B7A5D1E368FB2007F34DF /* TipCalculatorTests.swift in Sources */ = {isa = PBXBuildFile; fileRef = A28B7A5C1E368FB2007F34DF /* TipCalculatorTests.swift */; };
		A28B7A681E368FB2007F34DF /* TipCalculatorUITests.swift in Sources */ = {isa = PBXBuildFile; fileRef = A28B7A671E368FB2007F34DF /* TipCalculatorUITests.swift */; };
/* End PBXBuildFile section */

/* Begin PBXContainerItemProxy section */
		A28B7A591E368FB2007F34DF /* PBXContainerItemProxy */ = {
			isa = PBXContainerItemProxy;
			containerPortal = A28B7A3C1E368FB2007F34DF /* Project object */;
			proxyType = 1;
			remoteGlobalIDString = A28B7A431E368FB2007F34DF;
			remoteInfo = TipCalculator;
		};
		A28B7A641E368FB2007F34DF /* PBXContainerItemProxy */ = {
			isa = PBXContainerItemProxy;
			containerPortal = A28B7A3C1E368FB2007F34DF /* Project object */;
			proxyType = 1;
			remoteGlobalIDString = A28B7A431E368FB2007F34DF;
			remoteInfo = TipCalculator;
		};
/* End PBXContainerItemProxy section */

/* Begin PBXFileReference section */
		A28B7A441E368FB2007F34DF /* TipCalculator.app */ = {isa = PBXFileReference; explicitFileType = wrapper.application; includeInIndex = 0; path = TipCalculator.app; sourceTree = BUILT_PRODUCTS_DIR; };
		A28B7A471E368FB2007F34DF /* AppDelegate.swift */ = {isa = PBXFileReference; lastKnownFileType = sourcecode.swift; path = AppDelegate.swift; sourceTree = "<group>"; };
		A28B7A491E368FB2007F34DF /* ViewController.swift */ = {isa = PBXFileReference; lastKnownFileType = sourcecode.swift; path = ViewController.swift; sourceTree = "<group>"; };
		A28B7A4C1E368FB2007F34DF /* Base */ = {isa = PBXFileReference; lastKnownFileType = file.storyboard; name = Base; path = Base.lproj/Main.storyboard; sourceTree = "<group>"; };
		A28B7A4E1E368FB2007F34DF /* Assets.xcassets */ = {isa = PBXFileReference; lastKnownFileType = folder.assetcatalog; path = Assets.xcassets; sourceTree = "<group>"; };
		A28B7A511E368FB2007F34DF /* Base */ = {isa = PBXFileReference; lastKnownFileType = file.storyboard; name = Base; path = Base.lproj/LaunchScreen.storyboard; sourceTree = "<group>"; };
		A28B7A531E368FB2007F34DF /* Info.plist */ = {isa = PBXFileReference; lastKnownFileType = text.plist.xml; path = Info.plist; sourceTree = "<group>"; };
		A28B7A581E368FB2007F34DF /* TipCalculatorTests.xctest */ = {isa = PBXFileReference; explicitFileType = wrapper.cfbundle; includeInIndex = 0; path = TipCalculatorTests.xctest; sourceTree = BUILT_PRODUCTS_DIR; };
		A28B7A5C1E368FB2007F34DF /* TipCalculatorTests.swift */ = {isa = PBXFileReference; lastKnownFileType = sourcecode.swift; path = TipCalculatorTests.swift; sourceTree = "<group>"; };
		A28B7A5E1E368FB2007F34DF /* Info.plist */ = {isa = PBXFileReference; lastKnownFileType = text.plist.xml; path = Info.plist; sourceTree = "<group>"; };
		A28B7A631E368FB2007F34DF /* TipCalculatorUITests.xctest */ = {isa = PBXFileReference; explicitFileType = wrapper.cfbundle; includeInIndex = 0; path = TipCalculatorUITests.xctest; sourceTree = BUILT_PRODUCTS_DIR; };
		A28B7A671E368FB2007F34DF /* TipCalculatorUITests.swift */ = {isa = PBXFileReference; lastKnownFileType = sourcecode.swift; path = TipCalculatorUITests.swift; sourceTree = "<group>"; };
		A28B7A691E368FB2007F34DF /* Info.plist */ = {isa = PBXFileReference; lastKnownFileType = text.plist.xml; path = Info.plist; sourceTree = "<group>"; };
/* End PBXFileReference section */

/* Begin PBXFrameworksBuildPhase section */
		A28B7A411E368FB2007F34DF /* Frameworks */ = {
			isa = PBXFrameworksBuildPhase;
			buildActionMask = 2147483647;
			files = (
			);
			runOnlyForDeploymentPostprocessing = 0;
		};
		A28B7A551E368FB2007F34DF /* Frameworks */ = {
			isa = PBXFrameworksBuildPhase;
			buildActionMask = 2147483647;
			files = (
			);
			runOnlyForDeploymentPostprocessing = 0;
		};
		A28B7A601E368FB2007F34DF /* Frameworks */ = {
			isa = PBXFrameworksBuildPhase;
			buildActionMask = 2147483647;
			files = (
			);
			runOnlyForDeploymentPostprocessing = 0;
		};
/* End PBXFrameworksBuildPhase section */

/* Begin PBXGroup section */
		A28B7A3B1E368FB2007F34DF = {
			isa = PBXGroup;
			children = (
				A28B7A461E368FB2007F34DF /* TipCalculator */,
				A28B7A5B1E368FB2007F34DF /* TipCalculatorTests */,
				A28B7A661E368FB2007F34DF /* TipCalculatorUITests */,
				A28B7A451E368FB2007F34DF /* Products */,
			);
			sourceTree = "<group>";
		};
		A28B7A451E368FB2007F34DF /* Products */ = {
			isa = PBXGroup;
			children = (
				A28B7A441E368FB2007F34DF /* TipCalculator.app */,
				A28B7A581E368FB2007F34DF /* TipCalculatorTests.xctest */,
				A28B7A631E368FB2007F34DF /* TipCalculatorUITests.xctest */,
			);
			name = Products;
			sourceTree = "<group>";
		};
		A28B7A461E368FB2007F34DF /* TipCalculator */ = {
			isa = PBXGroup;
			children = (
				A28B7A471E368FB2007F34DF /* AppDelegate.swift */,
				A28B7A491E368FB2007F34DF /* ViewController.swift */,
				A28B7A4B1E368FB2007F34DF /* Main.storyboard */,
				A28B7A4E1E368FB2007F34DF /* Assets.xcassets */,
				A28B7A501E368FB2007F34DF /* LaunchScreen.storyboard */,
				A28B7A531E368FB2007F34DF /* Info.plist */,
			);
			path = TipCalculator;
			sourceTree = "<group>";
		};
		A28B7A5B1E368FB2007F34DF /* TipCalculatorTests */ = {
			isa = PBXGroup;
			children = (
				A28B7A5C1E368FB2007F34DF /* TipCalculatorTests.swift */,
				A28B7A5E1E368FB2007F34DF /* Info.plist */,
			);
			path = TipCalculatorTests;
			sourceTree = "<group>";
		};
		A28B7A661E368FB2007F34DF /* TipCalculatorUITests */ = {
			isa = PBXGroup;
			children = (
				A28B7A671E368FB2007F34DF /* TipCalculatorUITests.swift */,
				A28B7A691E368FB2007F34DF /* Info.plist */,
			);
			path = TipCalculatorUITests;
			sourceTree = "<group>";
		};
/* End PBXGroup section */

/* Begin PBXNativeTarget section */
		A28B7A431E368FB2007F34DF /* TipCalculator */ = {
			isa = PBXNativeTarget;
			buildConfigurationList = A28B7A6C1E368FB2007F34DF /* Build configuration list for PBXNativeTarget "TipCalculator" */;
			buildPhases = (
				A28B7A401E368FB2007F34DF /* Sources */,
				A28B7A411E368FB2007F34DF /* Frameworks */,
				A28B7A421E368FB2007F34DF /* Resources */,
			);
			buildRules = (
			);
			dependencies = (
			);
			name = TipCalculator;
			productName = TipCalculator;
			productReference = A28B7A441E368FB2007F34DF /* TipCalculator.app */;
			productType = "com.apple.product-type.application";
		};
		A28B7A571E368FB2007F34DF /* TipCalculatorTests */ = {
			isa = PBXNativeTarget;
			buildConfigurationList = A28B7A6F1E368FB2007F34DF /* Build configuration list for PBXNativeTarget "TipCalculatorTests" */;
			buildPhases = (
				A28B7A541E368FB2007F34DF /* Sources */,
				A28B7A551E368FB2007F34DF /* Frameworks */,
				A28B7A561E368FB2007F34DF /* Resources */,
			);
			buildRules = (
			);
			dependencies = (
				A28B7A5A1E368FB2007F34DF /* PBXTargetDependency */,
			);
			name = TipCalculatorTests;
			productName = TipCalculatorTests;
			productReference = A28B7A581E368FB2007F34DF /* TipCalculatorTests.xctest */;
			productType = "com.apple.product-type.bundle.unit-test";
		};
		A28B7A621E368FB2007F34DF /* TipCalculatorUITests */ = {
			isa = PBXNativeTarget;
			buildConfigurationList = A28B7A721E368FB2007F34DF /* Build configuration list for PBXNativeTarget "TipCalculatorUITests" */;
			buildPhases = (
				A28B7A5F1E368FB2007F34DF /* Sources */,
				A28B7A601E368FB2007F34DF /* Frameworks */,
				A28B7A611E368FB2007F34DF /* Resources */,
			);
			buildRules = (
			);
			dependencies = (
				A28B7A651E368FB2007F34DF /* PBXTargetDependency */,
			);
			name = TipCalculatorUITests;
			productName = TipCalculatorUITests;
			productReference = A28B7A631E368FB2007F34DF /* TipCalculatorUITests.xctest */;
			productType = "com.apple.product-type.bundle.ui-testing";
		};
/* End PBXNativeTarget section */

/* Begin PBXProject section */
		A28B7A3C1E368FB2007F34DF /* Project object */ = {
			isa = PBXProject;
			attributes = {
				LastSwiftUpdateCheck = 0730;
				LastUpgradeCheck = 0730;
				ORGANIZATIONNAME = Multimedia;
				TargetAttributes = {
					A28B7A431E368FB2007F34DF = {
						CreatedOnToolsVersion = 7.3.1;
					};
					A28B7A571E368FB2007F34DF = {
						CreatedOnToolsVersion = 7.3.1;
						TestTargetID = A28B7A431E368FB2007F34DF;
					};
					A28B7A621E368FB2007F34DF = {
						CreatedOnToolsVersion = 7.3.1;
						TestTargetID = A28B7A431E368FB2007F34DF;
					};
				};
			};
			buildConfigurationList = A28B7A3F1E368FB2007F34DF /* Build configuration list for PBXProject "TipCalculator" */;
			compatibilityVersion = "Xcode 3.2";
			developmentRegion = English;
			hasScannedForEncodings = 0;
			knownRegions = (
				en,
				Base,
			);
			mainGroup = A28B7A3B1E368FB2007F34DF;
			productRefGroup = A28B7A451E368FB2007F34DF /* Products */;
			projectDirPath = "";
			projectRoot = "";
			targets = (
				A28B7A431E368FB2007F34DF /* TipCalculator */,
				A28B7A571E368FB2007F34DF /* TipCalculatorTests */,
				A28B7A621E368FB2007F34DF /* TipCalculatorUITests */,
			);
		};
/* End PBXProject section */

/* Begin PBXResourcesBuildPhase section */
		A28B7A421E368FB2007F34DF /* Resources */ = {
			isa = PBXResourcesBuildPhase;
			buildActionMask = 2147483647;
			files = (
				A28B7A521E368FB2007F34DF /* LaunchScreen.storyboard in Resources */,
				A28B7A4F1E368FB2007F34DF /* Assets.xcassets in Resources */,
				A28B7A4D1E368FB2007F34DF /* Main.storyboard in Resources */,
			);
			runOnlyForDeploymentPostprocessing = 0;
		};
		A28B7A561E368FB2007F34DF /* Resources */ = {
			isa = PBXResourcesBuildPhase;
			buildActionMask = 2147483647;
			files = (
			);
			runOnlyForDeploymentPostprocessing = 0;
		};
		A28B7A611E368FB2007F34DF /* Resources */ = {
			isa = PBXResourcesBuildPhase;
			buildActionMask = 2147483647;
			files = (
			);
			runOnlyForDeploymentPostprocessing = 0;
		};
/* End PBXResourcesBuildPhase section */

/* Begin PBXSourcesBuildPhase section */
		A28B7A401E368FB2007F34DF /* Sources */ = {
			isa = PBXSourcesBuildPhase;
			buildActionMask = 2147483647;
			files = (
				A28B7A4A1E368FB2007F34DF /* ViewController.swift in Sources */,
				A28B7A481E368FB2007F34DF /* AppDelegate.swift in Sources */,
			);
			runOnlyForDeploymentPostprocessing = 0;
		};
		A28B7A541E368FB2007F34DF /* Sources */ = {
			isa = PBXSourcesBuildPhase;
			buildActionMask = 2147483647;
			files = (
				A28B7A5D1E368FB2007F34DF /* TipCalculatorTests.swift in Sources */,
			);
			runOnlyForDeploymentPostprocessing = 0;
		};
		A28B7A5F1E368FB2007F34DF /* Sources */ = {
			isa = PBXSourcesBuildPhase;
			buildActionMask = 2147483647;
			files = (
				A28B7A681E368FB2007F34DF /* TipCalculatorUITests.swift in Sources */,
			);
			runOnlyForDeploymentPostprocessing = 0;
		};
/* End PBXSourcesBuildPhase section */

/* Begin PBXTargetDependency section */
		A28B7A5A1E368FB2007F34DF /* PBXTargetDependency */ = {
			isa = PBXTargetDependency;
			target = A28B7A431E368FB2007F34DF /* TipCalculator */;
			targetProxy = A28B7A591E368FB2007F34DF /* PBXContainerItemProxy */;
		};
		A28B7A651E368FB2007F34DF /* PBXTargetDependency */ = {
			isa = PBXTargetDependency;
			target = A28B7A431E368FB2007F34DF /* TipCalculator */;
			targetProxy = A28B7A641E368FB2007F34DF /* PBXContainerItemProxy */;
		};
/* End PBXTargetDependency section */

/* Begin PBXVariantGroup section */
		A28B7A4B1E368FB2007F34DF /* Main.storyboard */ = {
			isa = PBXVariantGroup;
			children = (
				A28B7A4C1E368FB2007F34DF /* Base */,
			);
			name = Main.storyboard;
			sourceTree = "<group>";
		};
		A28B7A501E368FB2007F34DF /* LaunchScreen.storyboard */ = {
			isa = PBXVariantGroup;
			children = (
				A28B7A511E368FB2007F34DF /* Base */,
			);
			name = LaunchScreen.storyboard;
			sourceTree = "<group>";
		};
/* End PBXVariantGroup section */

/* Begin XCBuildConfiguration section */
		A28B7A6A1E368FB2007F34DF /* Debug */ = {
			isa = XCBuildConfiguration;
			buildSettings = {
				ALWAYS_SEARCH_USER_PATHS = NO;
				CLANG_ANALYZER_NONNULL = YES;
				CLANG_CXX_LANGUAGE_STANDARD = "gnu++0x";
				CLANG_CXX_LIBRARY = "libc++";
				CLANG_ENABLE_MODULES = YES;
				CLANG_ENABLE_OBJC_ARC = YES;
				CLANG_WARN_BOOL_CONVERSION = YES;
				CLANG_WARN_CONSTANT_CONVERSION = YES;
				CLANG_WARN_DIRECT_OBJC_ISA_USAGE = YES_ERROR;
				CLANG_WARN_EMPTY_BODY = YES;
				CLANG_WARN_ENUM_CONVERSION = YES;
				CLANG_WARN_INT_CONVERSION = YES;
				CLANG_WARN_OBJC_ROOT_CLASS = YES_ERROR;
				CLANG_WARN_UNREACHABLE_CODE = YES;
				CLANG_WARN__DUPLICATE_METHOD_MATCH = YES;
				"CODE_SIGN_IDENTITY[sdk=iphoneos*]" = "iPhone Developer";
				COPY_PHASE_STRIP = NO;
				DEBUG_INFORMATION_FORMAT = dwarf;
				ENABLE_STRICT_OBJC_MSGSEND = YES;
				ENABLE_TESTABILITY = YES;
				GCC_C_LANGUAGE_STANDARD = gnu99;
				GCC_DYNAMIC_NO_PIC = NO;
				GCC_NO_COMMON_BLOCKS = YES;
				GCC_OPTIMIZATION_LEVEL = 0;
				GCC_PREPROCESSOR_DEFINITIONS = (
					"DEBUG=1",
					"$(inherited)",
				);
				GCC_WARN_64_TO_32_BIT_CONVERSION = YES;
				GCC_WARN_ABOUT_RETURN_TYPE = YES_ERROR;
				GCC_WARN_UNDECLARED_SELECTOR = YES;
				GCC_WARN_UNINITIALIZED_AUTOS = YES_AGGRESSIVE;
				GCC_WARN_UNUSED_FUNCTION = YES;
				GCC_WARN_UNUSED_VARIABLE = YES;
				IPHONEOS_DEPLOYMENT_TARGET = 9.3;
				MTL_ENABLE_DEBUG_INFO = YES;
				ONLY_ACTIVE_ARCH = YES;
				SDKROOT = iphoneos;
				SWIFT_OPTIMIZATION_LEVEL = "-Onone";
				TARGETED_DEVICE_FAMILY = "1,2";
			};
			name = Debug;
		};
		A28B7A6B1E368FB2007F34DF /* Release */ = {
			isa = XCBuildConfiguration;
			buildSettings = {
				ALWAYS_SEARCH_USER_PATHS = NO;
				CLANG_ANALYZER_NONNULL = YES;
				CLANG_CXX_LANGUAGE_STANDARD = "gnu++0x";
				CLANG_CXX_LIBRARY = "libc++";
				CLANG_ENABLE_MODULES = YES;
				CLANG_ENABLE_OBJC_ARC = YES;
				CLANG_WARN_BOOL_CONVERSION = YES;
				CLANG_WARN_CONSTANT_CONVERSION = YES;
				CLANG_WARN_DIRECT_OBJC_ISA_USAGE = YES_ERROR;
				CLANG_WARN_EMPTY_BODY = YES;
				CLANG_WARN_ENUM_CONVERSION = YES;
				CLANG_WARN_INT_CONVERSION = YES;
				CLANG_WARN_OBJC_ROOT_CLASS = YES_ERROR;
				CLANG_WARN_UNREACHABLE_CODE = YES;
				CLANG_WARN__DUPLICATE_METHOD_MATCH = YES;
				"CODE_SIGN_IDENTITY[sdk=iphoneos*]" = "iPhone Developer";
				COPY_PHASE_STRIP = NO;
				DEBUG_INFORMATION_FORMAT = "dwarf-with-dsym";
				ENABLE_NS_ASSERTIONS = NO;
				ENABLE_STRICT_OBJC_MSGSEND = YES;
				GCC_C_LANGUAGE_STANDARD = gnu99;
				GCC_NO_COMMON_BLOCKS = YES;
				GCC_WARN_64_TO_32_BIT_CONVERSION = YES;
				GCC_WARN_ABOUT_RETURN_TYPE = YES_ERROR;
				GCC_WARN_UNDECLARED_SELECTOR = YES;
				GCC_WARN_UNINITIALIZED_AUTOS = YES_AGGRESSIVE;
				GCC_WARN_UNUSED_FUNCTION = YES;
				GCC_WARN_UNUSED_VARIABLE = YES;
				IPHONEOS_DEPLOYMENT_TARGET = 9.3;
				MTL_ENABLE_DEBUG_INFO = NO;
				SDKROOT = iphoneos;
				TARGETED_DEVICE_FAMILY = "1,2";
				VALIDATE_PRODUCT = YES;
			};
			name = Release;
		};
		A28B7A6D1E368FB2007F34DF /* Debug */ = {
			isa = XCBuildConfiguration;
			buildSettings = {
				ASSETCATALOG_COMPILER_APPICON_NAME = AppIcon;
				INFOPLIST_FILE = TipCalculator/Info.plist;
				LD_RUNPATH_SEARCH_PATHS = "$(inherited) @executable_path/Frameworks";
				PRODUCT_BUNDLE_IDENTIFIER = LCCC.TipCalculator;
				PRODUCT_NAME = "$(TARGET_NAME)";
			};
			name = Debug;
		};
		A28B7A6E1E368FB2007F34DF /* Release */ = {
			isa = XCBuildConfiguration;
			buildSettings = {
				ASSETCATALOG_COMPILER_APPICON_NAME = AppIcon;
				INFOPLIST_FILE = TipCalculator/Info.plist;
				LD_RUNPATH_SEARCH_PATHS = "$(inherited) @executable_path/Frameworks";
				PRODUCT_BUNDLE_IDENTIFIER = LCCC.TipCalculator;
				PRODUCT_NAME = "$(TARGET_NAME)";
			};
			name = Release;
		};
		A28B7A701E368FB2007F34DF /* Debug */ = {
			isa = XCBuildConfiguration;
			buildSettings = {
				BUNDLE_LOADER = "$(TEST_HOST)";
				INFOPLIST_FILE = TipCalculatorTests/Info.plist;
				LD_RUNPATH_SEARCH_PATHS = "$(inherited) @executable_path/Frameworks @loader_path/Frameworks";
				PRODUCT_BUNDLE_IDENTIFIER = LCCC.TipCalculatorTests;
				PRODUCT_NAME = "$(TARGET_NAME)";
				TEST_HOST = "$(BUILT_PRODUCTS_DIR)/TipCalculator.app/TipCalculator";
			};
			name = Debug;
		};
		A28B7A711E368FB2007F34DF /* Release */ = {
			isa = XCBuildConfiguration;
			buildSettings = {
				BUNDLE_LOADER = "$(TEST_HOST)";
				INFOPLIST_FILE = TipCalculatorTests/Info.plist;
				LD_RUNPATH_SEARCH_PATHS = "$(inherited) @executable_path/Frameworks @loader_path/Frameworks";
				PRODUCT_BUNDLE_IDENTIFIER = LCCC.TipCalculatorTests;
				PRODUCT_NAME = "$(TARGET_NAME)";
				TEST_HOST = "$(BUILT_PRODUCTS_DIR)/TipCalculator.app/TipCalculator";
			};
			name = Release;
		};
		A28B7A731E368FB2007F34DF /* Debug */ = {
			isa = XCBuildConfiguration;
			buildSettings = {
				INFOPLIST_FILE = TipCalculatorUITests/Info.plist;
				LD_RUNPATH_SEARCH_PATHS = "$(inherited) @executable_path/Frameworks @loader_path/Frameworks";
				PRODUCT_BUNDLE_IDENTIFIER = LCCC.TipCalculatorUITests;
				PRODUCT_NAME = "$(TARGET_NAME)";
				TEST_TARGET_NAME = TipCalculator;
			};
			name = Debug;
		};
		A28B7A741E368FB2007F34DF /* Release */ = {
			isa = XCBuildConfiguration;
			buildSettings = {
				INFOPLIST_FILE = TipCalculatorUITests/Info.plist;
				LD_RUNPATH_SEARCH_PATHS = "$(inherited) @executable_path/Frameworks @loader_path/Frameworks";
				PRODUCT_BUNDLE_IDENTIFIER = LCCC.TipCalculatorUITests;
				PRODUCT_NAME = "$(TARGET_NAME)";
				TEST_TARGET_NAME = TipCalculator;
			};
			name = Release;
		};
/* End XCBuildConfiguration section */

/* Begin XCConfigurationList section */
		A28B7A3F1E368FB2007F34DF /* Build configuration list for PBXProject "TipCalculator" */ = {
			isa = XCConfigurationList;
			buildConfigurations = (
				A28B7A6A1E368FB2007F34DF /* Debug */,
				A28B7A6B1E368FB2007F34DF /* Release */,
			);
			defaultConfigurationIsVisible = 0;
			defaultConfigurationName = Release;
		};
		A28B7A6C1E368FB2007F34DF /* Build configuration list for PBXNativeTarget "TipCalculator" */ = {
			isa = XCConfigurationList;
			buildConfigurations = (
				A28B7A6D1E368FB2007F34DF /* Debug */,
				A28B7A6E1E368FB2007F34DF /* Release */,
			);
			defaultConfigurationIsVisible = 0;
		};
		A28B7A6F1E368FB2007F34DF /* Build configuration list for PBXNativeTarget "TipCalculatorTests" */ = {
			isa = XCConfigurationList;
			buildConfigurations = (
				A28B7A701E368FB2007F34DF /* Debug */,
				A28B7A711E368FB2007F34DF /* Release */,
			);
			defaultConfigurationIsVisible = 0;
		};
		A28B7A721E368FB2007F34DF /* Build configuration list for PBXNativeTarget "TipCalculatorUITests" */ = {
			isa = XCConfigurationList;
			buildConfigurations = (
				A28B7A731E368FB2007F34DF /* Debug */,
				A28B7A741E368FB2007F34DF /* Release */,
			);
			defaultConfigurationIsVisible = 0;
		};
/* End XCConfigurationList section */
	};
	rootObject = A28B7A3C1E368FB2007F34DF /* Project object */;
}
